<?xml version="1.0" encoding="utf-8"?>
<Project ToolsVersion="4.0" xmlns="http://schemas.microsoft.com/developer/msbuild/2003">
  <ItemGroup>
    <Filter Include="Ressourcendateien">
      <UniqueIdentifier>{67DA6AB6-F800-4c08-8B7A-83BB121AAD01}</UniqueIdentifier>
      <Extensions>rc;ico;cur;bmp;dlg;rc2;rct;bin;rgs;gif;jpg;jpeg;jpe;resx;tiff;tif;png;wav;mfcribbon-ms</Extensions>
    </Filter>
    <Filter Include="Cards">
      <UniqueIdentifier>{0716ac39-eb69-4846-902d-477f8a623bfa}</UniqueIdentifier>
    </Filter>
    <Filter Include="Cards\Header">
      <UniqueIdentifier>{b0d554b0-fb3c-49d1-b840-3e300391960f}</UniqueIdentifier>
    </Filter>
    <Filter Include="Cards\Source">
      <UniqueIdentifier>{7ff49f0b-2969-4240-b795-415260b95aea}</UniqueIdentifier>
    </Filter>
    <Filter Include="IO">
      <UniqueIdentifier>{a95b1a73-a058-4f3d-b966-8e175d325ef3}</UniqueIdentifier>
    </Filter>
    <Filter Include="Shuffling">
      <UniqueIdentifier>{f6e6ff50-a937-4390-a349-c3509b94f90e}</UniqueIdentifier>
    </Filter>
    <Filter Include="Shuffling\Header">
      <UniqueIdentifier>{333c1682-cb54-408f-acb3-f42d321a061f}</UniqueIdentifier>
    </Filter>
    <Filter Include="Shuffling\Source">
      <UniqueIdentifier>{ea0cd932-ed8c-4ef2-be62-80794cf982d3}</UniqueIdentifier>
    </Filter>
    <Filter Include="Game">
      <UniqueIdentifier>{f6ed62da-cdda-4b04-8b12-51a908d2439c}</UniqueIdentifier>
    </Filter>
    <Filter Include="IO\Header">
      <UniqueIdentifier>{724dd505-bffb-41f2-8d97-48abd086a805}</UniqueIdentifier>
    </Filter>
    <Filter Include="IO\Source">
      <UniqueIdentifier>{dab988a6-b1a6-4e0a-9509-2ccda2414ef7}</UniqueIdentifier>
    </Filter>
    <Filter Include="Game\Header">
      <UniqueIdentifier>{cafe9e1c-be53-4124-8331-6a0498937f9a}</UniqueIdentifier>
    </Filter>
    <Filter Include="Game\Source">
      <UniqueIdentifier>{89f5a752-d908-4330-ae68-5d4c9cc30899}</UniqueIdentifier>
    </Filter>
    <Filter Include="Exceptions">
      <UniqueIdentifier>{c73492cb-43d8-4f22-b183-d63a48f24a54}</UniqueIdentifier>
    </Filter>
    <Filter Include="Commands">
      <UniqueIdentifier>{010e842c-e58a-41c1-ba82-68725b01ab84}</UniqueIdentifier>
    </Filter>
    <Filter Include="Commands\Header">
      <UniqueIdentifier>{dd9830f1-1f7d-432d-bbde-ed0479310721}</UniqueIdentifier>
    </Filter>
    <Filter Include="Commands\Source">
      <UniqueIdentifier>{1709b4ef-2ec6-4ca3-bf92-62e41e7c25bd}</UniqueIdentifier>
    </Filter>
  </ItemGroup>
  <ItemGroup>
    <ClCompile Include="Card.cpp">
      <Filter>Cards\Source</Filter>
    </ClCompile>
    <ClCompile Include="Deck.cpp">
      <Filter>Cards\Source</Filter>
    </ClCompile>
    <ClCompile Include="CutShuffle.cpp">
      <Filter>Shuffling\Source</Filter>
    </ClCompile>
    <ClCompile Include="RandomGenerator.cpp">
      <Filter>Shuffling\Source</Filter>
    </ClCompile>
    <ClCompile Include="Shuffler.cpp">
      <Filter>Shuffling\Source</Filter>
    </ClCompile>
    <ClCompile Include="CardDecoder.cpp">
      <Filter>Cards\Source</Filter>
    </ClCompile>
    <ClCompile Include="CardEncoder.cpp">
      <Filter>Cards\Source</Filter>
    </ClCompile>
    <ClCompile Include="DeckEncoder.cpp">
      <Filter>Cards\Source</Filter>
    </ClCompile>
    <ClCompile Include="DeckDecoder.cpp">
      <Filter>Cards\Source</Filter>
    </ClCompile>
    <ClCompile Include="RiffleShuffle.cpp">
      <Filter>Shuffling\Source</Filter>
    </ClCompile>
    <ClCompile Include="CardGame.cpp">
      <Filter>Game</Filter>
    </ClCompile>
    <ClCompile Include="ShuffleEngine.cpp">
      <Filter>Shuffling\Source</Filter>
    </ClCompile>
    <ClCompile Include="Hand.cpp">
      <Filter>Cards\Source</Filter>
    </ClCompile>
    <ClCompile Include="DeckLoader.cpp">
      <Filter>IO\Source</Filter>
    </ClCompile>
    <ClCompile Include="FileReader.cpp">
      <Filter>IO\Source</Filter>
    </ClCompile>
    <ClCompile Include="FileWriter.cpp">
      <Filter>IO\Source</Filter>
    </ClCompile>
    <ClCompile Include="Game.cpp">
      <Filter>Game\Source</Filter>
    </ClCompile>
    <ClCompile Include="HigherGame.cpp">
      <Filter>Game\Source</Filter>
    </ClCompile>
    <ClCompile Include="IOReader.cpp">
      <Filter>IO\Source</Filter>
    </ClCompile>
    <ClCompile Include="Command.cpp">
      <Filter>Commands\Source</Filter>
    </ClCompile>
    <ClCompile Include="CommandFactory.cpp">
      <Filter>Commands\Source</Filter>
    </ClCompile>
    <ClCompile Include="Option.cpp">
      <Filter>Commands\Source</Filter>
    </ClCompile>
    <ClCompile Include="OptionFactory.cpp">
      <Filter>Commands\Source</Filter>
    </ClCompile>
    <ClCompile Include="ParserFactory.cpp">
      <Filter>Commands\Source</Filter>
    </ClCompile>
    <ClCompile Include="IOParser.cpp">
      <Filter>Commands\Source</Filter>
    </ClCompile>
  </ItemGroup>
  <ItemGroup>
    <ClInclude Include="Card.h">
      <Filter>Cards\Header</Filter>
    </ClInclude>
    <ClInclude Include="Deck.h">
      <Filter>Cards\Header</Filter>
    </ClInclude>
    <ClInclude Include="CutShuffle.h">
      <Filter>Shuffling\Header</Filter>
    </ClInclude>
    <ClInclude Include="RandomGenerator.h">
      <Filter>Shuffling\Header</Filter>
    </ClInclude>
    <ClInclude Include="Shuffler.h">
      <Filter>Shuffling\Header</Filter>
    </ClInclude>
    <ClInclude Include="CardDecoder.h">
      <Filter>Cards\Header</Filter>
    </ClInclude>
    <ClInclude Include="CardEncoder.h">
      <Filter>Cards\Header</Filter>
    </ClInclude>
    <ClInclude Include="DeckEncoder.h">
      <Filter>Cards\Header</Filter>
    </ClInclude>
    <ClInclude Include="DeckDecoder.h">
      <Filter>Cards\Header</Filter>
    </ClInclude>
    <ClInclude Include="RiffleShuffle.h">
      <Filter>Shuffling\Header</Filter>
    </ClInclude>
    <ClInclude Include="ShuffleEngine.h">
      <Filter>Shuffling\Header</Filter>
    </ClInclude>
    <ClInclude Include="Hand.h">
      <Filter>Cards\Header</Filter>
    </ClInclude>
    <ClInclude Include="DeckLoader.h">
      <Filter>IO\Header</Filter>
    </ClInclude>
    <ClInclude Include="FileReader.h">
      <Filter>IO\Header</Filter>
    </ClInclude>
    <ClInclude Include="FileWriter.h">
      <Filter>IO\Header</Filter>
    </ClInclude>
    <ClInclude Include="Game.h">
      <Filter>Game\Header</Filter>
    </ClInclude>
    <ClInclude Include="HigherGame.h">
      <Filter>Game\Header</Filter>
    </ClInclude>
    <ClInclude Include="DeckException.h">
      <Filter>Exceptions</Filter>
    </ClInclude>
    <ClInclude Include="CommandException.h">
      <Filter>Exceptions</Filter>
    </ClInclude>
    <ClInclude Include="BaseException.h">
      <Filter>Exceptions</Filter>
    </ClInclude>
    <ClInclude Include="CardException.h">
      <Filter>Exceptions</Filter>
    </ClInclude>
    <ClInclude Include="IOReader.h">
      <Filter>IO\Header</Filter>
    </ClInclude>
    <ClInclude Include="Command.h">
      <Filter>Commands\Header</Filter>
    </ClInclude>
    <ClInclude Include="CommandFactory.h">
      <Filter>Commands\Header</Filter>
    </ClInclude>
    <ClInclude Include="Option.h">
      <Filter>Commands\Header</Filter>
    </ClInclude>
    <ClInclude Include="OptionFactory.h">
      <Filter>Commands\Header</Filter>
    </ClInclude>
    <ClInclude Include="ParserFactory.h">
      <Filter>Commands\Header</Filter>
    </ClInclude>
    <ClInclude Include="BaseFactory.h">
      <Filter>Commands\Header</Filter>
    </ClInclude>
    <ClInclude Include="CommandTypes.h">
      <Filter>Commands\Header</Filter>
    </ClInclude>
    <ClInclude Include="IOParser.h">
      <Filter>Commands\Header</Filter>
    </ClInclude>
  </ItemGroup>
  <ItemGroup>
    <None Include="deck.deckf">
      <Filter>Ressourcendateien</Filter>
    </None>
  </ItemGroup>
</Project>