<?xml version="1.0" encoding="utf-8"?>
<Project ToolsVersion="4.0" xmlns="http://schemas.microsoft.com/developer/msbuild/2003">
  <ItemGroup>
    <Filter Include="Ressourcendateien">
      <UniqueIdentifier>{67DA6AB6-F800-4c08-8B7A-83BB121AAD01}</UniqueIdentifier>
      <Extensions>rc;ico;cur;bmp;dlg;rc2;rct;bin;rgs;gif;jpg;jpeg;jpe;resx;tiff;tif;png;wav;mfcribbon-ms</Extensions>
    </Filter>
    <Filter Include="Exceptions">
      <UniqueIdentifier>{233f41de-90af-42b1-bc94-7562809fe349}</UniqueIdentifier>
    </Filter>
  </ItemGroup>
  <ItemGroup>
    <ClInclude Include="src\Exceptions\DeckException.h">
      <Filter>Exceptions</Filter>
    </ClInclude>
    <ClInclude Include="src\Exceptions\EmptyQueueException.h">
      <Filter>Exceptions</Filter>
    </ClInclude>
    <ClInclude Include="src\Exceptions\InvalidHandlerAccessException.h">
      <Filter>Exceptions</Filter>
    </ClInclude>
    <ClInclude Include="src\Exceptions\NoConnectionException.h">
      <Filter>Exceptions</Filter>
    </ClInclude>
    <ClInclude Include="src\Exceptions\BaseException.h">
      <Filter>Exceptions</Filter>
    </ClInclude>
    <ClInclude Include="src\Exceptions\CardException.h">
      <Filter>Exceptions</Filter>
    </ClInclude>
    <ClInclude Include="src\Exceptions\CommandException.h">
      <Filter>Exceptions</Filter>
    </ClInclude>
  </ItemGroup>
</Project>