<?xml version="1.0" encoding="utf-8"?>
<Project ToolsVersion="4.0" xmlns="http://schemas.microsoft.com/developer/msbuild/2003">
  <ItemGroup>
    <Filter Include="Ressourcendateien">
      <UniqueIdentifier>{67DA6AB6-F800-4c08-8B7A-83BB121AAD01}</UniqueIdentifier>
      <Extensions>rc;ico;cur;bmp;dlg;rc2;rct;bin;rgs;gif;jpg;jpeg;jpe;resx;tiff;tif;png;wav;mfcribbon-ms</Extensions>
    </Filter>
    <Filter Include="Server">
      <UniqueIdentifier>{ba20d0a2-7264-47e3-9efc-a0d572b7003b}</UniqueIdentifier>
    </Filter>
    <Filter Include="Server\Header">
      <UniqueIdentifier>{93995380-89BD-4b04-88EB-625FBE52EBFB}</UniqueIdentifier>
      <Extensions>h;hh;hpp;hxx;h++;hm;inl;inc;ipp;xsd</Extensions>
    </Filter>
    <Filter Include="Server\Source">
      <UniqueIdentifier>{4FC737F1-C7A5-4376-A066-2A32D752A2FF}</UniqueIdentifier>
      <Extensions>cpp;c;cc;cxx;c++;def;odl;idl;hpj;bat;asm;asmx</Extensions>
    </Filter>
    <Filter Include="Game">
      <UniqueIdentifier>{fb6027ca-fc2a-4ff7-b722-000250c4122e}</UniqueIdentifier>
    </Filter>
    <Filter Include="Game\Header">
      <UniqueIdentifier>{b9ca04a2-d764-497a-834b-03b3926b5e14}</UniqueIdentifier>
    </Filter>
    <Filter Include="Game\Source">
      <UniqueIdentifier>{ff0a324c-c6a6-48c1-93b4-ba210d2a89d3}</UniqueIdentifier>
    </Filter>
  </ItemGroup>
  <ItemGroup>
    <ClCompile Include="src\Server\ConnectionListener.cpp">
      <Filter>Server\Source</Filter>
    </ClCompile>
    <ClCompile Include="src\Server\Server.cpp">
      <Filter>Server\Source</Filter>
    </ClCompile>
    <ClCompile Include="start.cpp">
      <Filter>Server</Filter>
    </ClCompile>
    <ClCompile Include="src\Game\DefaultLobby.cpp">
      <Filter>Game\Source</Filter>
    </ClCompile>
    <ClCompile Include="src\Game\PlayerInstance.cpp">
      <Filter>Game\Source</Filter>
    </ClCompile>
  </ItemGroup>
  <ItemGroup>
    <ClInclude Include="src\Server\ConnectionListener.h">
      <Filter>Server\Header</Filter>
    </ClInclude>
    <ClInclude Include="src\Server\Server.h">
      <Filter>Server\Header</Filter>
    </ClInclude>
    <ClInclude Include="src\Game\DefaultLobby.h">
      <Filter>Game\Header</Filter>
    </ClInclude>
    <ClInclude Include="src\Game\PlayerInstance.h">
      <Filter>Game\Header</Filter>
    </ClInclude>
  </ItemGroup>
</Project>